// !$*UTF8*$!
{
	archiveVersion = 1;
	classes = {
	};
	objectVersion = 46;
	objects = {

/* Begin PBXBuildFile section */
		246428471CEF3D9C00B132E9 /* AppDelegate.swift in Sources */ = {isa = PBXBuildFile; fileRef = 246428461CEF3D9C00B132E9 /* AppDelegate.swift */; };
		246428491CEF3D9C00B132E9 /* Assets.xcassets in Resources */ = {isa = PBXBuildFile; fileRef = 246428481CEF3D9C00B132E9 /* Assets.xcassets */; };
		2464284C1CEF3D9C00B132E9 /* MainMenu.xib in Resources */ = {isa = PBXBuildFile; fileRef = 2464284A1CEF3D9C00B132E9 /* MainMenu.xib */; };
		24AA5993207158DB00489EB6 /* TickerDaemon.swift in Sources */ = {isa = PBXBuildFile; fileRef = 24AA5992207158DB00489EB6 /* TickerDaemon.swift */; };
		24AA5995207159AC00489EB6 /* Currency.swift in Sources */ = {isa = PBXBuildFile; fileRef = 24AA5994207159AC00489EB6 /* Currency.swift */; };
		24AA599720715BAE00489EB6 /* TickerConnector.swift in Sources */ = {isa = PBXBuildFile; fileRef = 24AA599620715BAE00489EB6 /* TickerConnector.swift */; };
		24AA599920715C0600489EB6 /* CryptoCompareAPI.swift in Sources */ = {isa = PBXBuildFile; fileRef = 24AA599820715C0600489EB6 /* CryptoCompareAPI.swift */; };
		24AA599C20725A1600489EB6 /* CurrencyPair.swift in Sources */ = {isa = PBXBuildFile; fileRef = 24AA599B20725A1600489EB6 /* CurrencyPair.swift */; };
		24AA59A220727EAF00489EB6 /* Date.swift in Sources */ = {isa = PBXBuildFile; fileRef = 24AA59A120727EAF00489EB6 /* Date.swift */; };
		24AA59A9207288E100489EB6 /* Blockchain.swift in Sources */ = {isa = PBXBuildFile; fileRef = 24AA59A8207288E100489EB6 /* Blockchain.swift */; };
		24AA59AB2072892000489EB6 /* CurrencyFormatter.swift in Sources */ = {isa = PBXBuildFile; fileRef = 24AA59AA2072892000489EB6 /* CurrencyFormatter.swift */; };
		24AA59AD20728A9700489EB6 /* Fiat.swift in Sources */ = {isa = PBXBuildFile; fileRef = 24AA59AC20728A9700489EB6 /* Fiat.swift */; };
		24D0A28C2072CAC4000B9F3F /* CryptoTrackerStatusApp.swift in Sources */ = {isa = PBXBuildFile; fileRef = 24D0A28B2072CAC4000B9F3F /* CryptoTrackerStatusApp.swift */; };
		24D0A2942072D3D4000B9F3F /* CryptoTrackerStatusMenu.swift in Sources */ = {isa = PBXBuildFile; fileRef = 24D0A2932072D3D4000B9F3F /* CryptoTrackerStatusMenu.swift */; };
/* End PBXBuildFile section */

/* Begin PBXFileReference section */
		246428431CEF3D9C00B132E9 /* CryptoTracker.app */ = {isa = PBXFileReference; explicitFileType = wrapper.application; includeInIndex = 0; path = CryptoTracker.app; sourceTree = BUILT_PRODUCTS_DIR; };
		246428461CEF3D9C00B132E9 /* AppDelegate.swift */ = {isa = PBXFileReference; lastKnownFileType = sourcecode.swift; path = AppDelegate.swift; sourceTree = "<group>"; };
		246428481CEF3D9C00B132E9 /* Assets.xcassets */ = {isa = PBXFileReference; lastKnownFileType = folder.assetcatalog; path = Assets.xcassets; sourceTree = "<group>"; };
		2464284B1CEF3D9C00B132E9 /* Base */ = {isa = PBXFileReference; lastKnownFileType = file.xib; name = Base; path = Base.lproj/MainMenu.xib; sourceTree = "<group>"; };
		2464284D1CEF3D9C00B132E9 /* Info.plist */ = {isa = PBXFileReference; lastKnownFileType = text.plist.xml; path = Info.plist; sourceTree = "<group>"; };
		24AA5992207158DB00489EB6 /* TickerDaemon.swift */ = {isa = PBXFileReference; lastKnownFileType = sourcecode.swift; path = TickerDaemon.swift; sourceTree = "<group>"; };
		24AA5994207159AC00489EB6 /* Currency.swift */ = {isa = PBXFileReference; lastKnownFileType = sourcecode.swift; path = Currency.swift; sourceTree = "<group>"; };
		24AA599620715BAE00489EB6 /* TickerConnector.swift */ = {isa = PBXFileReference; lastKnownFileType = sourcecode.swift; path = TickerConnector.swift; sourceTree = "<group>"; };
		24AA599820715C0600489EB6 /* CryptoCompareAPI.swift */ = {isa = PBXFileReference; lastKnownFileType = sourcecode.swift; path = CryptoCompareAPI.swift; sourceTree = "<group>"; };
		24AA599B20725A1600489EB6 /* CurrencyPair.swift */ = {isa = PBXFileReference; lastKnownFileType = sourcecode.swift; path = CurrencyPair.swift; sourceTree = "<group>"; };
		24AA59A120727EAF00489EB6 /* Date.swift */ = {isa = PBXFileReference; lastKnownFileType = sourcecode.swift; path = Date.swift; sourceTree = "<group>"; };
		24AA59A8207288E100489EB6 /* Blockchain.swift */ = {isa = PBXFileReference; lastKnownFileType = sourcecode.swift; path = Blockchain.swift; sourceTree = "<group>"; };
		24AA59AA2072892000489EB6 /* CurrencyFormatter.swift */ = {isa = PBXFileReference; lastKnownFileType = sourcecode.swift; path = CurrencyFormatter.swift; sourceTree = "<group>"; };
		24AA59AC20728A9700489EB6 /* Fiat.swift */ = {isa = PBXFileReference; lastKnownFileType = sourcecode.swift; path = Fiat.swift; sourceTree = "<group>"; };
		24D0A28B2072CAC4000B9F3F /* CryptoTrackerStatusApp.swift */ = {isa = PBXFileReference; lastKnownFileType = sourcecode.swift; path = CryptoTrackerStatusApp.swift; sourceTree = "<group>"; };
		24D0A2932072D3D4000B9F3F /* CryptoTrackerStatusMenu.swift */ = {isa = PBXFileReference; fileEncoding = 4; lastKnownFileType = sourcecode.swift; path = CryptoTrackerStatusMenu.swift; sourceTree = "<group>"; };
/* End PBXFileReference section */

/* Begin PBXFrameworksBuildPhase section */
		246428401CEF3D9C00B132E9 /* Frameworks */ = {
			isa = PBXFrameworksBuildPhase;
			buildActionMask = 2147483647;
			files = (
			);
			runOnlyForDeploymentPostprocessing = 0;
		};
/* End PBXFrameworksBuildPhase section */

/* Begin PBXGroup section */
		24621E42207368DD00AE04FD /* Currency */ = {
			isa = PBXGroup;
			children = (
				24AA59A8207288E100489EB6 /* Blockchain.swift */,
				24AA59AC20728A9700489EB6 /* Fiat.swift */,
				24AA599B20725A1600489EB6 /* CurrencyPair.swift */,
			);
			path = Currency;
			sourceTree = "<group>";
		};
		2464283A1CEF3D9C00B132E9 = {
			isa = PBXGroup;
			children = (
				246428451CEF3D9C00B132E9 /* CryptoTracker */,
				246428441CEF3D9C00B132E9 /* Products */,
			);
			sourceTree = "<group>";
		};
		246428441CEF3D9C00B132E9 /* Products */ = {
			isa = PBXGroup;
			children = (
				246428431CEF3D9C00B132E9 /* CryptoTracker.app */,
			);
			name = Products;
			sourceTree = "<group>";
		};
		246428451CEF3D9C00B132E9 /* CryptoTracker */ = {
			isa = PBXGroup;
			children = (
				246428461CEF3D9C00B132E9 /* AppDelegate.swift */,
				24D0A28B2072CAC4000B9F3F /* CryptoTrackerStatusApp.swift */,
				24D0A2932072D3D4000B9F3F /* CryptoTrackerStatusMenu.swift */,
				24AA59A020727EA100489EB6 /* Extension */,
				24AA599D20725A3F00489EB6 /* Protocol */,
				24AA599A207258E900489EB6 /* Model */,
				246428481CEF3D9C00B132E9 /* Assets.xcassets */,
				2464284A1CEF3D9C00B132E9 /* MainMenu.xib */,
				2464284D1CEF3D9C00B132E9 /* Info.plist */,
			);
			path = CryptoTracker;
			sourceTree = "<group>";
		};
		24AA599A207258E900489EB6 /* Model */ = {
			isa = PBXGroup;
			children = (
				24621E42207368DD00AE04FD /* Currency */,
				24AA59AA2072892000489EB6 /* CurrencyFormatter.swift */,
				24AA599620715BAE00489EB6 /* TickerConnector.swift */,
				24AA599820715C0600489EB6 /* CryptoCompareAPI.swift */,
				24AA5992207158DB00489EB6 /* TickerDaemon.swift */,
			);
			path = Model;
			sourceTree = "<group>";
		};
		24AA599D20725A3F00489EB6 /* Protocol */ = {
			isa = PBXGroup;
			children = (
				24AA5994207159AC00489EB6 /* Currency.swift */,
			);
			path = Protocol;
			sourceTree = "<group>";
		};
		24AA59A020727EA100489EB6 /* Extension */ = {
			isa = PBXGroup;
			children = (
				24AA59A120727EAF00489EB6 /* Date.swift */,
			);
			path = Extension;
			sourceTree = "<group>";
		};
/* End PBXGroup section */

/* Begin PBXNativeTarget section */
		246428421CEF3D9C00B132E9 /* CryptoTracker */ = {
			isa = PBXNativeTarget;
			buildConfigurationList = 246428661CEF3D9C00B132E9 /* Build configuration list for PBXNativeTarget "CryptoTracker" */;
			buildPhases = (
				2464283F1CEF3D9C00B132E9 /* Sources */,
				246428401CEF3D9C00B132E9 /* Frameworks */,
				246428411CEF3D9C00B132E9 /* Resources */,
			);
			buildRules = (
			);
			dependencies = (
			);
			name = CryptoTracker;
			productName = CryptoTracker;
			productReference = 246428431CEF3D9C00B132E9 /* CryptoTracker.app */;
			productType = "com.apple.product-type.application";
		};
/* End PBXNativeTarget section */

/* Begin PBXProject section */
		2464283B1CEF3D9C00B132E9 /* Project object */ = {
			isa = PBXProject;
			attributes = {
				LastSwiftUpdateCheck = 0730;
				LastUpgradeCheck = 0930;
				ORGANIZATIONNAME = "Niklas Sauer";
				TargetAttributes = {
					246428421CEF3D9C00B132E9 = {
						CreatedOnToolsVersion = 7.3.1;
						LastSwiftMigration = 0930;
					};
				};
			};
			buildConfigurationList = 2464283E1CEF3D9C00B132E9 /* Build configuration list for PBXProject "CryptoTracker" */;
			compatibilityVersion = "Xcode 3.2";
			developmentRegion = English;
			hasScannedForEncodings = 0;
			knownRegions = (
				en,
				Base,
			);
			mainGroup = 2464283A1CEF3D9C00B132E9;
			productRefGroup = 246428441CEF3D9C00B132E9 /* Products */;
			projectDirPath = "";
			projectRoot = "";
			targets = (
				246428421CEF3D9C00B132E9 /* CryptoTracker */,
			);
		};
/* End PBXProject section */

/* Begin PBXResourcesBuildPhase section */
		246428411CEF3D9C00B132E9 /* Resources */ = {
			isa = PBXResourcesBuildPhase;
			buildActionMask = 2147483647;
			files = (
				246428491CEF3D9C00B132E9 /* Assets.xcassets in Resources */,
				2464284C1CEF3D9C00B132E9 /* MainMenu.xib in Resources */,
			);
			runOnlyForDeploymentPostprocessing = 0;
		};
/* End PBXResourcesBuildPhase section */

/* Begin PBXSourcesBuildPhase section */
		2464283F1CEF3D9C00B132E9 /* Sources */ = {
			isa = PBXSourcesBuildPhase;
			buildActionMask = 2147483647;
			files = (
				24AA5995207159AC00489EB6 /* Currency.swift in Sources */,
				24AA599720715BAE00489EB6 /* TickerConnector.swift in Sources */,
				246428471CEF3D9C00B132E9 /* AppDelegate.swift in Sources */,
				24AA59A9207288E100489EB6 /* Blockchain.swift in Sources */,
				24AA59AB2072892000489EB6 /* CurrencyFormatter.swift in Sources */,
				24AA59A220727EAF00489EB6 /* Date.swift in Sources */,
				24D0A28C2072CAC4000B9F3F /* CryptoTrackerStatusApp.swift in Sources */,
				24AA599920715C0600489EB6 /* CryptoCompareAPI.swift in Sources */,
				24AA599C20725A1600489EB6 /* CurrencyPair.swift in Sources */,
				24AA59AD20728A9700489EB6 /* Fiat.swift in Sources */,
				24D0A2942072D3D4000B9F3F /* CryptoTrackerStatusMenu.swift in Sources */,
				24AA5993207158DB00489EB6 /* TickerDaemon.swift in Sources */,
			);
			runOnlyForDeploymentPostprocessing = 0;
		};
/* End PBXSourcesBuildPhase section */

/* Begin PBXVariantGroup section */
		2464284A1CEF3D9C00B132E9 /* MainMenu.xib */ = {
			isa = PBXVariantGroup;
			children = (
				2464284B1CEF3D9C00B132E9 /* Base */,
			);
			name = MainMenu.xib;
			sourceTree = "<group>";
		};
/* End PBXVariantGroup section */

/* Begin XCBuildConfiguration section */
		246428641CEF3D9C00B132E9 /* Debug */ = {
			isa = XCBuildConfiguration;
			buildSettings = {
				ALWAYS_SEARCH_USER_PATHS = NO;
				CLANG_ANALYZER_NONNULL = YES;
				CLANG_CXX_LANGUAGE_STANDARD = "gnu++0x";
				CLANG_CXX_LIBRARY = "libc++";
				CLANG_ENABLE_MODULES = YES;
				CLANG_ENABLE_OBJC_ARC = YES;
				CLANG_WARN_BLOCK_CAPTURE_AUTORELEASING = YES;
				CLANG_WARN_BOOL_CONVERSION = YES;
				CLANG_WARN_COMMA = YES;
				CLANG_WARN_CONSTANT_CONVERSION = YES;
				CLANG_WARN_DEPRECATED_OBJC_IMPLEMENTATIONS = YES;
				CLANG_WARN_DIRECT_OBJC_ISA_USAGE = YES_ERROR;
				CLANG_WARN_EMPTY_BODY = YES;
				CLANG_WARN_ENUM_CONVERSION = YES;
				CLANG_WARN_INFINITE_RECURSION = YES;
				CLANG_WARN_INT_CONVERSION = YES;
				CLANG_WARN_NON_LITERAL_NULL_CONVERSION = YES;
				CLANG_WARN_OBJC_IMPLICIT_RETAIN_SELF = YES;
				CLANG_WARN_OBJC_LITERAL_CONVERSION = YES;
				CLANG_WARN_OBJC_ROOT_CLASS = YES_ERROR;
				CLANG_WARN_RANGE_LOOP_ANALYSIS = YES;
				CLANG_WARN_STRICT_PROTOTYPES = YES;
				CLANG_WARN_SUSPICIOUS_MOVE = YES;
				CLANG_WARN_UNREACHABLE_CODE = YES;
				CLANG_WARN__DUPLICATE_METHOD_MATCH = YES;
				CODE_SIGN_IDENTITY = "";
				COPY_PHASE_STRIP = NO;
				DEBUG_INFORMATION_FORMAT = dwarf;
				ENABLE_STRICT_OBJC_MSGSEND = YES;
				ENABLE_TESTABILITY = YES;
				GCC_C_LANGUAGE_STANDARD = gnu99;
				GCC_DYNAMIC_NO_PIC = NO;
				GCC_NO_COMMON_BLOCKS = YES;
				GCC_OPTIMIZATION_LEVEL = 0;
				GCC_PREPROCESSOR_DEFINITIONS = (
					"DEBUG=1",
					"$(inherited)",
				);
				GCC_WARN_64_TO_32_BIT_CONVERSION = YES;
				GCC_WARN_ABOUT_RETURN_TYPE = YES_ERROR;
				GCC_WARN_UNDECLARED_SELECTOR = YES;
				GCC_WARN_UNINITIALIZED_AUTOS = YES_AGGRESSIVE;
				GCC_WARN_UNUSED_FUNCTION = YES;
				GCC_WARN_UNUSED_VARIABLE = YES;
				MACOSX_DEPLOYMENT_TARGET = 10.11;
				MTL_ENABLE_DEBUG_INFO = YES;
				ONLY_ACTIVE_ARCH = YES;
				SDKROOT = macosx;
				SWIFT_OPTIMIZATION_LEVEL = "-Onone";
			};
			name = Debug;
		};
		246428651CEF3D9C00B132E9 /* Release */ = {
			isa = XCBuildConfiguration;
			buildSettings = {
				ALWAYS_SEARCH_USER_PATHS = NO;
				CLANG_ANALYZER_NONNULL = YES;
				CLANG_CXX_LANGUAGE_STANDARD = "gnu++0x";
				CLANG_CXX_LIBRARY = "libc++";
				CLANG_ENABLE_MODULES = YES;
				CLANG_ENABLE_OBJC_ARC = YES;
				CLANG_WARN_BLOCK_CAPTURE_AUTORELEASING = YES;
				CLANG_WARN_BOOL_CONVERSION = YES;
				CLANG_WARN_COMMA = YES;
				CLANG_WARN_CONSTANT_CONVERSION = YES;
				CLANG_WARN_DEPRECATED_OBJC_IMPLEMENTATIONS = YES;
				CLANG_WARN_DIRECT_OBJC_ISA_USAGE = YES_ERROR;
				CLANG_WARN_EMPTY_BODY = YES;
				CLANG_WARN_ENUM_CONVERSION = YES;
				CLANG_WARN_INFINITE_RECURSION = YES;
				CLANG_WARN_INT_CONVERSION = YES;
				CLANG_WARN_NON_LITERAL_NULL_CONVERSION = YES;
				CLANG_WARN_OBJC_IMPLICIT_RETAIN_SELF = YES;
				CLANG_WARN_OBJC_LITERAL_CONVERSION = YES;
				CLANG_WARN_OBJC_ROOT_CLASS = YES_ERROR;
				CLANG_WARN_RANGE_LOOP_ANALYSIS = YES;
				CLANG_WARN_STRICT_PROTOTYPES = YES;
				CLANG_WARN_SUSPICIOUS_MOVE = YES;
				CLANG_WARN_UNREACHABLE_CODE = YES;
				CLANG_WARN__DUPLICATE_METHOD_MATCH = YES;
				CODE_SIGN_IDENTITY = "";
				COPY_PHASE_STRIP = NO;
				DEBUG_INFORMATION_FORMAT = "dwarf-with-dsym";
				ENABLE_NS_ASSERTIONS = NO;
				ENABLE_STRICT_OBJC_MSGSEND = YES;
				GCC_C_LANGUAGE_STANDARD = gnu99;
				GCC_NO_COMMON_BLOCKS = YES;
				GCC_WARN_64_TO_32_BIT_CONVERSION = YES;
				GCC_WARN_ABOUT_RETURN_TYPE = YES_ERROR;
				GCC_WARN_UNDECLARED_SELECTOR = YES;
				GCC_WARN_UNINITIALIZED_AUTOS = YES_AGGRESSIVE;
				GCC_WARN_UNUSED_FUNCTION = YES;
				GCC_WARN_UNUSED_VARIABLE = YES;
				MACOSX_DEPLOYMENT_TARGET = 10.11;
				MTL_ENABLE_DEBUG_INFO = NO;
				SDKROOT = macosx;
				SWIFT_COMPILATION_MODE = wholemodule;
			};
			name = Release;
		};
		246428671CEF3D9C00B132E9 /* Debug */ = {
			isa = XCBuildConfiguration;
			buildSettings = {
				ASSETCATALOG_COMPILER_APPICON_NAME = AppIcon;
				COMBINE_HIDPI_IMAGES = YES;
				INFOPLIST_FILE = CryptoTracker/Info.plist;
				LD_RUNPATH_SEARCH_PATHS = "$(inherited) @executable_path/../Frameworks";
				MACOSX_DEPLOYMENT_TARGET = 10.12;
				PRODUCT_BUNDLE_IDENTIFIER = sauern.CryptoTracker;
				PRODUCT_NAME = "$(TARGET_NAME)";
				SWIFT_SWIFT3_OBJC_INFERENCE = Off;
				SWIFT_VERSION = 4.0;
			};
			name = Debug;
		};
		246428681CEF3D9C00B132E9 /* Release */ = {
			isa = XCBuildConfiguration;
			buildSettings = {
				ASSETCATALOG_COMPILER_APPICON_NAME = AppIcon;
				COMBINE_HIDPI_IMAGES = YES;
				INFOPLIST_FILE = CryptoTracker/Info.plist;
				LD_RUNPATH_SEARCH_PATHS = "$(inherited) @executable_path/../Frameworks";
				MACOSX_DEPLOYMENT_TARGET = 10.12;
				PRODUCT_BUNDLE_IDENTIFIER = sauern.CryptoTracker;
				PRODUCT_NAME = "$(TARGET_NAME)";
				SWIFT_SWIFT3_OBJC_INFERENCE = Off;
				SWIFT_VERSION = 4.0;
			};
			name = Release;
		};
/* End XCBuildConfiguration section */

/* Begin XCConfigurationList section */
		2464283E1CEF3D9C00B132E9 /* Build configuration list for PBXProject "CryptoTracker" */ = {
			isa = XCConfigurationList;
			buildConfigurations = (
				246428641CEF3D9C00B132E9 /* Debug */,
				246428651CEF3D9C00B132E9 /* Release */,
			);
			defaultConfigurationIsVisible = 0;
			defaultConfigurationName = Release;
		};
		246428661CEF3D9C00B132E9 /* Build configuration list for PBXNativeTarget "CryptoTracker" */ = {
			isa = XCConfigurationList;
			buildConfigurations = (
				246428671CEF3D9C00B132E9 /* Debug */,
				246428681CEF3D9C00B132E9 /* Release */,
			);
			defaultConfigurationIsVisible = 0;
			defaultConfigurationName = Release;
		};
/* End XCConfigurationList section */
	};
	rootObject = 2464283B1CEF3D9C00B132E9 /* Project object */;
}
